
Microsoft Visual Studio Solution File, Format Version 12.00
# Visual Studio Version 17
VisualStudioVersion = 17.6.33829.357
MinimumVisualStudioVersion = 10.0.40219.1
Project("{8BC9CEB8-8B4A-11D0-8D11-00A0C91BC942}") = "Source", "Source\Source.vcxproj", "{AE5EB689-219F-4C84-BC2C-B71AC0E4926C}"
EndProject
Project("{8BC9CEB8-8B4A-11D0-8D11-00A0C91BC942}") = "demo smtp", "demo smtp\demo smtp.vcxproj", "{A1A92A47-69F4-4D21-B281-E26FFA901DBB}"
EndProject
Project("{8BC9CEB8-8B4A-11D0-8D11-00A0C91BC942}") = "demo pop3", "demo pop3\demo pop3.vcxproj", "{883E7209-84CA-4912-9CAD-C74B120161D3}"
EndProject
Project("{8BC9CEB8-8B4A-11D0-8D11-00A0C91BC942}") = "base64", "base64\base64.vcxproj", "{CE434BB7-E95C-4E2D-86B0-4B6C0BD4D495}"
EndProject
Project("{8BC9CEB8-8B4A-11D0-8D11-00A0C91BC942}") = "thread", "thread\thread.vcxproj", "{AD55FF94-8342-47B1-A078-5F79DF401BCC}"
EndProject
Global
	GlobalSection(SolutionConfigurationPlatforms) = preSolution
		Debug|x64 = Debug|x64
		Debug|x86 = Debug|x86
		Release|x64 = Release|x64
		Release|x86 = Release|x86
	EndGlobalSection
	GlobalSection(ProjectConfigurationPlatforms) = postSolution
		{AE5EB689-219F-4C84-BC2C-B71AC0E4926C}.Debug|x64.ActiveCfg = Debug|x64
		{AE5EB689-219F-4C84-BC2C-B71AC0E4926C}.Debug|x64.Build.0 = Debug|x64
		{AE5EB689-219F-4C84-BC2C-B71AC0E4926C}.Debug|x86.ActiveCfg = Debug|Win32
		{AE5EB689-219F-4C84-BC2C-B71AC0E4926C}.Debug|x86.Build.0 = Debug|Win32
		{AE5EB689-219F-4C84-BC2C-B71AC0E4926C}.Release|x64.ActiveCfg = Release|x64
		{AE5EB689-219F-4C84-BC2C-B71AC0E4926C}.Release|x64.Build.0 = Release|x64
		{AE5EB689-219F-4C84-BC2C-B71AC0E4926C}.Release|x86.ActiveCfg = Release|Win32
		{AE5EB689-219F-4C84-BC2C-B71AC0E4926C}.Release|x86.Build.0 = Release|Win32
		{A1A92A47-69F4-4D21-B281-E26FFA901DBB}.Debug|x64.ActiveCfg = Debug|x64
		{A1A92A47-69F4-4D21-B281-E26FFA901DBB}.Debug|x64.Build.0 = Debug|x64
		{A1A92A47-69F4-4D21-B281-E26FFA901DBB}.Debug|x86.ActiveCfg = Debug|Win32
		{A1A92A47-69F4-4D21-B281-E26FFA901DBB}.Debug|x86.Build.0 = Debug|Win32
		{A1A92A47-69F4-4D21-B281-E26FFA901DBB}.Release|x64.ActiveCfg = Release|x64
		{A1A92A47-69F4-4D21-B281-E26FFA901DBB}.Release|x64.Build.0 = Release|x64
		{A1A92A47-69F4-4D21-B281-E26FFA901DBB}.Release|x86.ActiveCfg = Release|Win32
		{A1A92A47-69F4-4D21-B281-E26FFA901DBB}.Release|x86.Build.0 = Release|Win32
		{883E7209-84CA-4912-9CAD-C74B120161D3}.Debug|x64.ActiveCfg = Debug|x64
		{883E7209-84CA-4912-9CAD-C74B120161D3}.Debug|x64.Build.0 = Debug|x64
		{883E7209-84CA-4912-9CAD-C74B120161D3}.Debug|x86.ActiveCfg = Debug|Win32
		{883E7209-84CA-4912-9CAD-C74B120161D3}.Debug|x86.Build.0 = Debug|Win32
		{883E7209-84CA-4912-9CAD-C74B120161D3}.Release|x64.ActiveCfg = Release|x64
		{883E7209-84CA-4912-9CAD-C74B120161D3}.Release|x64.Build.0 = Release|x64
		{883E7209-84CA-4912-9CAD-C74B120161D3}.Release|x86.ActiveCfg = Release|Win32
		{883E7209-84CA-4912-9CAD-C74B120161D3}.Release|x86.Build.0 = Release|Win32
		{CE434BB7-E95C-4E2D-86B0-4B6C0BD4D495}.Debug|x64.ActiveCfg = Debug|x64
		{CE434BB7-E95C-4E2D-86B0-4B6C0BD4D495}.Debug|x64.Build.0 = Debug|x64
		{CE434BB7-E95C-4E2D-86B0-4B6C0BD4D495}.Debug|x86.ActiveCfg = Debug|Win32
		{CE434BB7-E95C-4E2D-86B0-4B6C0BD4D495}.Debug|x86.Build.0 = Debug|Win32
		{CE434BB7-E95C-4E2D-86B0-4B6C0BD4D495}.Release|x64.ActiveCfg = Release|x64
		{CE434BB7-E95C-4E2D-86B0-4B6C0BD4D495}.Release|x64.Build.0 = Release|x64
		{CE434BB7-E95C-4E2D-86B0-4B6C0BD4D495}.Release|x86.ActiveCfg = Release|Win32
		{CE434BB7-E95C-4E2D-86B0-4B6C0BD4D495}.Release|x86.Build.0 = Release|Win32
		{AD55FF94-8342-47B1-A078-5F79DF401BCC}.Debug|x64.ActiveCfg = Debug|x64
		{AD55FF94-8342-47B1-A078-5F79DF401BCC}.Debug|x64.Build.0 = Debug|x64
		{AD55FF94-8342-47B1-A078-5F79DF401BCC}.Debug|x86.ActiveCfg = Debug|Win32
		{AD55FF94-8342-47B1-A078-5F79DF401BCC}.Debug|x86.Build.0 = Debug|Win32
		{AD55FF94-8342-47B1-A078-5F79DF401BCC}.Release|x64.ActiveCfg = Release|x64
		{AD55FF94-8342-47B1-A078-5F79DF401BCC}.Release|x64.Build.0 = Release|x64
		{AD55FF94-8342-47B1-A078-5F79DF401BCC}.Release|x86.ActiveCfg = Release|Win32
		{AD55FF94-8342-47B1-A078-5F79DF401BCC}.Release|x86.Build.0 = Release|Win32
	EndGlobalSection
	GlobalSection(SolutionProperties) = preSolution
		HideSolutionNode = FALSE
	EndGlobalSection
	GlobalSection(ExtensibilityGlobals) = postSolution
		SolutionGuid = {4978B75D-FC7E-4B25-BAF7-A91122875FCB}
	EndGlobalSection
EndGlobal
